// !$*UTF8*$!
{
	archiveVersion = 1;
	classes = {
	};
	objectVersion = 46;
	objects = {

/* Begin PBXBuildFile section */
		048EB51B1903505500FFD1BE /* raindrop.png in Resources */ = {isa = PBXBuildFile; fileRef = 048EB51A1903505500FFD1BE /* raindrop.png */; };
		048EB52219036FC200FFD1BE /* CustomAlertViewController.m in Sources */ = {isa = PBXBuildFile; fileRef = 048EB52019036FC200FFD1BE /* CustomAlertViewController.m */; };
		048EB52319036FC200FFD1BE /* CustomAlertViewController.xib in Resources */ = {isa = PBXBuildFile; fileRef = 048EB52119036FC200FFD1BE /* CustomAlertViewController.xib */; };
		09154665190383F000B0095E /* bg.jpg in Resources */ = {isa = PBXBuildFile; fileRef = 09154664190383F000B0095E /* bg.jpg */; };
		091546671903916C00B0095E /* honeycomb-hi.png in Resources */ = {isa = PBXBuildFile; fileRef = 091546661903916C00B0095E /* honeycomb-hi.png */; };
		0915466B1903936C00B0095E /* flower.png in Resources */ = {isa = PBXBuildFile; fileRef = 0915466A1903936C00B0095E /* flower.png */; };
		0915466D1903946A00B0095E /* honey2.png in Resources */ = {isa = PBXBuildFile; fileRef = 0915466C1903946A00B0095E /* honey2.png */; };
		0915466F1903976500B0095E /* honey.png in Resources */ = {isa = PBXBuildFile; fileRef = 0915466E1903976500B0095E /* honey.png */; };
		091546721903C40D00B0095E /* StartScreenController.m in Sources */ = {isa = PBXBuildFile; fileRef = 091546711903C40D00B0095E /* StartScreenController.m */; };
		091546741903D0F500B0095E /* splashMain.png in Resources */ = {isa = PBXBuildFile; fileRef = 091546731903D0F500B0095E /* splashMain.png */; };
		0915467B1903F54100B0095E /* logo.png in Resources */ = {isa = PBXBuildFile; fileRef = 0915467A1903F54100B0095E /* logo.png */; };
		09A21B0B19021B330098CFE3 /* Foundation.framework in Frameworks */ = {isa = PBXBuildFile; fileRef = 09A21B0A19021B330098CFE3 /* Foundation.framework */; };
		09A21B0D19021B330098CFE3 /* CoreGraphics.framework in Frameworks */ = {isa = PBXBuildFile; fileRef = 09A21B0C19021B330098CFE3 /* CoreGraphics.framework */; };
		09A21B0F19021B330098CFE3 /* UIKit.framework in Frameworks */ = {isa = PBXBuildFile; fileRef = 09A21B0E19021B330098CFE3 /* UIKit.framework */; };
		09A21B1119021B330098CFE3 /* SpriteKit.framework in Frameworks */ = {isa = PBXBuildFile; fileRef = 09A21B1019021B330098CFE3 /* SpriteKit.framework */; };
		09A21B1719021B330098CFE3 /* InfoPlist.strings in Resources */ = {isa = PBXBuildFile; fileRef = 09A21B1519021B330098CFE3 /* InfoPlist.strings */; };
		09A21B1919021B330098CFE3 /* main.m in Sources */ = {isa = PBXBuildFile; fileRef = 09A21B1819021B330098CFE3 /* main.m */; };
		09A21B1D19021B330098CFE3 /* AppDelegate.m in Sources */ = {isa = PBXBuildFile; fileRef = 09A21B1C19021B330098CFE3 /* AppDelegate.m */; };
		09A21B2019021B330098CFE3 /* Main_iPhone.storyboard in Resources */ = {isa = PBXBuildFile; fileRef = 09A21B1E19021B330098CFE3 /* Main_iPhone.storyboard */; };
		09A21B2319021B330098CFE3 /* Main_iPad.storyboard in Resources */ = {isa = PBXBuildFile; fileRef = 09A21B2119021B330098CFE3 /* Main_iPad.storyboard */; };
		09A21B2619021B330098CFE3 /* ViewController.m in Sources */ = {isa = PBXBuildFile; fileRef = 09A21B2519021B330098CFE3 /* ViewController.m */; };
		09A21B2919021B330098CFE3 /* MyScene.m in Sources */ = {isa = PBXBuildFile; fileRef = 09A21B2819021B330098CFE3 /* MyScene.m */; };
		09A21B2D19021B330098CFE3 /* Images.xcassets in Resources */ = {isa = PBXBuildFile; fileRef = 09A21B2C19021B330098CFE3 /* Images.xcassets */; };
		09A21B3419021B330098CFE3 /* XCTest.framework in Frameworks */ = {isa = PBXBuildFile; fileRef = 09A21B3319021B330098CFE3 /* XCTest.framework */; };
		09A21B3519021B330098CFE3 /* Foundation.framework in Frameworks */ = {isa = PBXBuildFile; fileRef = 09A21B0A19021B330098CFE3 /* Foundation.framework */; };
		09A21B3619021B330098CFE3 /* UIKit.framework in Frameworks */ = {isa = PBXBuildFile; fileRef = 09A21B0E19021B330098CFE3 /* UIKit.framework */; };
		09A21B3E19021B330098CFE3 /* InfoPlist.strings in Resources */ = {isa = PBXBuildFile; fileRef = 09A21B3C19021B330098CFE3 /* InfoPlist.strings */; };
		09A21B4019021B330098CFE3 /* SliderTests.m in Sources */ = {isa = PBXBuildFile; fileRef = 09A21B3F19021B330098CFE3 /* SliderTests.m */; };
		09A21B531902374C0098CFE3 /* Borders.m in Sources */ = {isa = PBXBuildFile; fileRef = 09A21B521902374C0098CFE3 /* Borders.m */; };
		09A6EFED19030DE8008644DE /* Ice-icon.png in Resources */ = {isa = PBXBuildFile; fileRef = 09A6EFEC19030DE8008644DE /* Ice-icon.png */; };
/* End PBXBuildFile section */

/* Begin PBXContainerItemProxy section */
		09A21B3719021B330098CFE3 /* PBXContainerItemProxy */ = {
			isa = PBXContainerItemProxy;
			containerPortal = 09A21AFF19021B330098CFE3 /* Project object */;
			proxyType = 1;
			remoteGlobalIDString = 09A21B0619021B330098CFE3;
			remoteInfo = Slider;
		};
/* End PBXContainerItemProxy section */

/* Begin PBXFileReference section */
		048EB51A1903505500FFD1BE /* raindrop.png */ = {isa = PBXFileReference; lastKnownFileType = image.png; path = raindrop.png; sourceTree = "<group>"; };
		048EB51F19036FC200FFD1BE /* CustomAlertViewController.h */ = {isa = PBXFileReference; fileEncoding = 4; lastKnownFileType = sourcecode.c.h; path = CustomAlertViewController.h; sourceTree = "<group>"; };
		048EB52019036FC200FFD1BE /* CustomAlertViewController.m */ = {isa = PBXFileReference; fileEncoding = 4; lastKnownFileType = sourcecode.c.objc; path = CustomAlertViewController.m; sourceTree = "<group>"; };
		048EB52119036FC200FFD1BE /* CustomAlertViewController.xib */ = {isa = PBXFileReference; fileEncoding = 4; lastKnownFileType = file.xib; path = CustomAlertViewController.xib; sourceTree = "<group>"; };
		09154664190383F000B0095E /* bg.jpg */ = {isa = PBXFileReference; lastKnownFileType = image.jpeg; path = bg.jpg; sourceTree = "<group>"; };
		091546661903916C00B0095E /* honeycomb-hi.png */ = {isa = PBXFileReference; lastKnownFileType = image.png; path = "honeycomb-hi.png"; sourceTree = "<group>"; };
		0915466A1903936C00B0095E /* flower.png */ = {isa = PBXFileReference; lastKnownFileType = image.png; path = flower.png; sourceTree = "<group>"; };
		0915466C1903946A00B0095E /* honey2.png */ = {isa = PBXFileReference; lastKnownFileType = image.png; path = honey2.png; sourceTree = "<group>"; };
		0915466E1903976500B0095E /* honey.png */ = {isa = PBXFileReference; lastKnownFileType = image.png; path = honey.png; sourceTree = "<group>"; };
		091546701903C40D00B0095E /* StartScreenController.h */ = {isa = PBXFileReference; fileEncoding = 4; lastKnownFileType = sourcecode.c.h; name = StartScreenController.h; path = Slider/StartScreenController.h; sourceTree = "<group>"; };
		091546711903C40D00B0095E /* StartScreenController.m */ = {isa = PBXFileReference; fileEncoding = 4; lastKnownFileType = sourcecode.c.objc; name = StartScreenController.m; path = Slider/StartScreenController.m; sourceTree = "<group>"; };
		091546731903D0F500B0095E /* splashMain.png */ = {isa = PBXFileReference; lastKnownFileType = image.png; name = splashMain.png; path = ../splashMain.png; sourceTree = "<group>"; };
		091546791903DF1200B0095E /* bumblebee.caf */ = {isa = PBXFileReference; lastKnownFileType = file; path = bumblebee.caf; sourceTree = "<group>"; };
		0915467A1903F54100B0095E /* logo.png */ = {isa = PBXFileReference; lastKnownFileType = image.png; path = logo.png; sourceTree = "<group>"; };
		09983A1819034F1C0023CFCD /* Bee.png */ = {isa = PBXFileReference; lastKnownFileType = image.png; path = Bee.png; sourceTree = "<group>"; };
		09A21B0719021B330098CFE3 /* Hapbee.app */ = {isa = PBXFileReference; explicitFileType = wrapper.application; includeInIndex = 0; path = Hapbee.app; sourceTree = BUILT_PRODUCTS_DIR; };
		09A21B0A19021B330098CFE3 /* Foundation.framework */ = {isa = PBXFileReference; lastKnownFileType = wrapper.framework; name = Foundation.framework; path = System/Library/Frameworks/Foundation.framework; sourceTree = SDKROOT; };
		09A21B0C19021B330098CFE3 /* CoreGraphics.framework */ = {isa = PBXFileReference; lastKnownFileType = wrapper.framework; name = CoreGraphics.framework; path = System/Library/Frameworks/CoreGraphics.framework; sourceTree = SDKROOT; };
		09A21B0E19021B330098CFE3 /* UIKit.framework */ = {isa = PBXFileReference; lastKnownFileType = wrapper.framework; name = UIKit.framework; path = System/Library/Frameworks/UIKit.framework; sourceTree = SDKROOT; };
		09A21B1019021B330098CFE3 /* SpriteKit.framework */ = {isa = PBXFileReference; lastKnownFileType = wrapper.framework; name = SpriteKit.framework; path = System/Library/Frameworks/SpriteKit.framework; sourceTree = SDKROOT; };
		09A21B1419021B330098CFE3 /* Slider-Info.plist */ = {isa = PBXFileReference; lastKnownFileType = text.plist.xml; path = "Slider-Info.plist"; sourceTree = "<group>"; };
		09A21B1619021B330098CFE3 /* en */ = {isa = PBXFileReference; lastKnownFileType = text.plist.strings; name = en; path = en.lproj/InfoPlist.strings; sourceTree = "<group>"; };
		09A21B1819021B330098CFE3 /* main.m */ = {isa = PBXFileReference; lastKnownFileType = sourcecode.c.objc; path = main.m; sourceTree = "<group>"; };
		09A21B1A19021B330098CFE3 /* Slider-Prefix.pch */ = {isa = PBXFileReference; lastKnownFileType = sourcecode.c.h; path = "Slider-Prefix.pch"; sourceTree = "<group>"; };
		09A21B1B19021B330098CFE3 /* AppDelegate.h */ = {isa = PBXFileReference; lastKnownFileType = sourcecode.c.h; path = AppDelegate.h; sourceTree = "<group>"; };
		09A21B1C19021B330098CFE3 /* AppDelegate.m */ = {isa = PBXFileReference; lastKnownFileType = sourcecode.c.objc; path = AppDelegate.m; sourceTree = "<group>"; };
		09A21B1F19021B330098CFE3 /* Base */ = {isa = PBXFileReference; lastKnownFileType = file.storyboard; name = Base; path = Base.lproj/Main_iPhone.storyboard; sourceTree = "<group>"; };
		09A21B2219021B330098CFE3 /* Base */ = {isa = PBXFileReference; lastKnownFileType = file.storyboard; name = Base; path = Base.lproj/Main_iPad.storyboard; sourceTree = "<group>"; };
		09A21B2419021B330098CFE3 /* ViewController.h */ = {isa = PBXFileReference; lastKnownFileType = sourcecode.c.h; path = ViewController.h; sourceTree = "<group>"; };
		09A21B2519021B330098CFE3 /* ViewController.m */ = {isa = PBXFileReference; lastKnownFileType = sourcecode.c.objc; path = ViewController.m; sourceTree = "<group>"; };
		09A21B2719021B330098CFE3 /* MyScene.h */ = {isa = PBXFileReference; lastKnownFileType = sourcecode.c.h; path = MyScene.h; sourceTree = "<group>"; };
		09A21B2819021B330098CFE3 /* MyScene.m */ = {isa = PBXFileReference; lastKnownFileType = sourcecode.c.objc; path = MyScene.m; sourceTree = "<group>"; };
		09A21B2C19021B330098CFE3 /* Images.xcassets */ = {isa = PBXFileReference; lastKnownFileType = folder.assetcatalog; path = Images.xcassets; sourceTree = "<group>"; };
		09A21B3219021B330098CFE3 /* SliderTests.xctest */ = {isa = PBXFileReference; explicitFileType = wrapper.cfbundle; includeInIndex = 0; path = SliderTests.xctest; sourceTree = BUILT_PRODUCTS_DIR; };
		09A21B3319021B330098CFE3 /* XCTest.framework */ = {isa = PBXFileReference; lastKnownFileType = wrapper.framework; name = XCTest.framework; path = Library/Frameworks/XCTest.framework; sourceTree = DEVELOPER_DIR; };
		09A21B3B19021B330098CFE3 /* SliderTests-Info.plist */ = {isa = PBXFileReference; lastKnownFileType = text.plist.xml; path = "SliderTests-Info.plist"; sourceTree = "<group>"; };
		09A21B3D19021B330098CFE3 /* en */ = {isa = PBXFileReference; lastKnownFileType = text.plist.strings; name = en; path = en.lproj/InfoPlist.strings; sourceTree = "<group>"; };
		09A21B3F19021B330098CFE3 /* SliderTests.m */ = {isa = PBXFileReference; lastKnownFileType = sourcecode.c.objc; path = SliderTests.m; sourceTree = "<group>"; };
		09A21B511902374C0098CFE3 /* Borders.h */ = {isa = PBXFileReference; fileEncoding = 4; lastKnownFileType = sourcecode.c.h; path = Borders.h; sourceTree = "<group>"; };
		09A21B521902374C0098CFE3 /* Borders.m */ = {isa = PBXFileReference; fileEncoding = 4; lastKnownFileType = sourcecode.c.objc; path = Borders.m; sourceTree = "<group>"; };
		09A6EFEC19030DE8008644DE /* Ice-icon.png */ = {isa = PBXFileReference; lastKnownFileType = image.png; path = "Ice-icon.png"; sourceTree = "<group>"; };
/* End PBXFileReference section */

/* Begin PBXFrameworksBuildPhase section */
		09A21B0419021B330098CFE3 /* Frameworks */ = {
			isa = PBXFrameworksBuildPhase;
			buildActionMask = 2147483647;
			files = (
				09A21B0D19021B330098CFE3 /* CoreGraphics.framework in Frameworks */,
				09A21B0F19021B330098CFE3 /* UIKit.framework in Frameworks */,
				09A21B1119021B330098CFE3 /* SpriteKit.framework in Frameworks */,
				09A21B0B19021B330098CFE3 /* Foundation.framework in Frameworks */,
			);
			runOnlyForDeploymentPostprocessing = 0;
		};
		09A21B2F19021B330098CFE3 /* Frameworks */ = {
			isa = PBXFrameworksBuildPhase;
			buildActionMask = 2147483647;
			files = (
				09A21B3419021B330098CFE3 /* XCTest.framework in Frameworks */,
				09A21B3619021B330098CFE3 /* UIKit.framework in Frameworks */,
				09A21B3519021B330098CFE3 /* Foundation.framework in Frameworks */,
			);
			runOnlyForDeploymentPostprocessing = 0;
		};
/* End PBXFrameworksBuildPhase section */

/* Begin PBXGroup section */
		048EB51E19036F6300FFD1BE /* Custom Alert View */ = {
			isa = PBXGroup;
			children = (
				048EB51F19036FC200FFD1BE /* CustomAlertViewController.h */,
				048EB52019036FC200FFD1BE /* CustomAlertViewController.m */,
				048EB52119036FC200FFD1BE /* CustomAlertViewController.xib */,
			);
			name = "Custom Alert View";
			sourceTree = "<group>";
		};
		09A21AFE19021B330098CFE3 = {
			isa = PBXGroup;
			children = (
				0915467A1903F54100B0095E /* logo.png */,
				091546701903C40D00B0095E /* StartScreenController.h */,
				091546711903C40D00B0095E /* StartScreenController.m */,
				09A21B1219021B330098CFE3 /* Slider */,
				09A21B3919021B330098CFE3 /* SliderTests */,
				09A21B0919021B330098CFE3 /* Frameworks */,
				09A21B0819021B330098CFE3 /* Products */,
			);
			sourceTree = "<group>";
		};
		09A21B0819021B330098CFE3 /* Products */ = {
			isa = PBXGroup;
			children = (
				09A21B0719021B330098CFE3 /* Hapbee.app */,
				09A21B3219021B330098CFE3 /* SliderTests.xctest */,
			);
			name = Products;
			sourceTree = "<group>";
		};
		09A21B0919021B330098CFE3 /* Frameworks */ = {
			isa = PBXGroup;
			children = (
				09A21B0A19021B330098CFE3 /* Foundation.framework */,
				09A21B0C19021B330098CFE3 /* CoreGraphics.framework */,
				09A21B0E19021B330098CFE3 /* UIKit.framework */,
				09A21B1019021B330098CFE3 /* SpriteKit.framework */,
				09A21B3319021B330098CFE3 /* XCTest.framework */,
			);
			name = Frameworks;
			sourceTree = "<group>";
		};
		09A21B1219021B330098CFE3 /* Slider */ = {
			isa = PBXGroup;
			children = (
				091546791903DF1200B0095E /* bumblebee.caf */,
				091546731903D0F500B0095E /* splashMain.png */,
				048EB51E19036F6300FFD1BE /* Custom Alert View */,
				09983A1819034F1C0023CFCD /* Bee.png */,
				0915466E1903976500B0095E /* honey.png */,
				0915466C1903946A00B0095E /* honey2.png */,
				0915466A1903936C00B0095E /* flower.png */,
				091546661903916C00B0095E /* honeycomb-hi.png */,
				09154664190383F000B0095E /* bg.jpg */,
				09A6EFEC19030DE8008644DE /* Ice-icon.png */,
				048EB51A1903505500FFD1BE /* raindrop.png */,
				09A21B511902374C0098CFE3 /* Borders.h */,
				09A21B521902374C0098CFE3 /* Borders.m */,
				09A21B1B19021B330098CFE3 /* AppDelegate.h */,
				09A21B1C19021B330098CFE3 /* AppDelegate.m */,
				09A21B1E19021B330098CFE3 /* Main_iPhone.storyboard */,
				09A21B2119021B330098CFE3 /* Main_iPad.storyboard */,
				09A21B2419021B330098CFE3 /* ViewController.h */,
				09A21B2519021B330098CFE3 /* ViewController.m */,
				09A21B2719021B330098CFE3 /* MyScene.h */,
				09A21B2819021B330098CFE3 /* MyScene.m */,
				09A21B2C19021B330098CFE3 /* Images.xcassets */,
				09A21B1319021B330098CFE3 /* Supporting Files */,
			);
			path = Slider;
			sourceTree = "<group>";
		};
		09A21B1319021B330098CFE3 /* Supporting Files */ = {
			isa = PBXGroup;
			children = (
				09A21B1419021B330098CFE3 /* Slider-Info.plist */,
				09A21B1519021B330098CFE3 /* InfoPlist.strings */,
				09A21B1819021B330098CFE3 /* main.m */,
				09A21B1A19021B330098CFE3 /* Slider-Prefix.pch */,
			);
			name = "Supporting Files";
			sourceTree = "<group>";
		};
		09A21B3919021B330098CFE3 /* SliderTests */ = {
			isa = PBXGroup;
			children = (
				09A21B3F19021B330098CFE3 /* SliderTests.m */,
				09A21B3A19021B330098CFE3 /* Supporting Files */,
			);
			path = SliderTests;
			sourceTree = "<group>";
		};
		09A21B3A19021B330098CFE3 /* Supporting Files */ = {
			isa = PBXGroup;
			children = (
				09A21B3B19021B330098CFE3 /* SliderTests-Info.plist */,
				09A21B3C19021B330098CFE3 /* InfoPlist.strings */,
			);
			name = "Supporting Files";
			sourceTree = "<group>";
		};
/* End PBXGroup section */

/* Begin PBXNativeTarget section */
		09A21B0619021B330098CFE3 /* Slider */ = {
			isa = PBXNativeTarget;
			buildConfigurationList = 09A21B4319021B330098CFE3 /* Build configuration list for PBXNativeTarget "Slider" */;
			buildPhases = (
				09A21B0319021B330098CFE3 /* Sources */,
				09A21B0419021B330098CFE3 /* Frameworks */,
				09A21B0519021B330098CFE3 /* Resources */,
			);
			buildRules = (
			);
			dependencies = (
			);
			name = Slider;
			productName = Slider;
			productReference = 09A21B0719021B330098CFE3 /* Hapbee.app */;
			productType = "com.apple.product-type.application";
		};
		09A21B3119021B330098CFE3 /* SliderTests */ = {
			isa = PBXNativeTarget;
			buildConfigurationList = 09A21B4619021B330098CFE3 /* Build configuration list for PBXNativeTarget "SliderTests" */;
			buildPhases = (
				09A21B2E19021B330098CFE3 /* Sources */,
				09A21B2F19021B330098CFE3 /* Frameworks */,
				09A21B3019021B330098CFE3 /* Resources */,
			);
			buildRules = (
			);
			dependencies = (
				09A21B3819021B330098CFE3 /* PBXTargetDependency */,
			);
			name = SliderTests;
			productName = SliderTests;
			productReference = 09A21B3219021B330098CFE3 /* SliderTests.xctest */;
			productType = "com.apple.product-type.bundle.unit-test";
		};
/* End PBXNativeTarget section */

/* Begin PBXProject section */
		09A21AFF19021B330098CFE3 /* Project object */ = {
			isa = PBXProject;
			attributes = {
				LastUpgradeCheck = 0510;
				ORGANIZATIONNAME = "Grant Spence";
				TargetAttributes = {
					09A21B3119021B330098CFE3 = {
						TestTargetID = 09A21B0619021B330098CFE3;
					};
				};
			};
			buildConfigurationList = 09A21B0219021B330098CFE3 /* Build configuration list for PBXProject "Slider" */;
			compatibilityVersion = "Xcode 3.2";
			developmentRegion = English;
			hasScannedForEncodings = 0;
			knownRegions = (
				en,
				Base,
			);
			mainGroup = 09A21AFE19021B330098CFE3;
			productRefGroup = 09A21B0819021B330098CFE3 /* Products */;
			projectDirPath = "";
			projectRoot = "";
			targets = (
				09A21B0619021B330098CFE3 /* Slider */,
				09A21B3119021B330098CFE3 /* SliderTests */,
			);
		};
/* End PBXProject section */

/* Begin PBXResourcesBuildPhase section */
		09A21B0519021B330098CFE3 /* Resources */ = {
			isa = PBXResourcesBuildPhase;
			buildActionMask = 2147483647;
			files = (
				09154665190383F000B0095E /* bg.jpg in Resources */,
				048EB51B1903505500FFD1BE /* raindrop.png in Resources */,
				091546671903916C00B0095E /* honeycomb-hi.png in Resources */,
				09A21B2D19021B330098CFE3 /* Images.xcassets in Resources */,
				0915467B1903F54100B0095E /* logo.png in Resources */,
				048EB52319036FC200FFD1BE /* CustomAlertViewController.xib in Resources */,
				09A21B2319021B330098CFE3 /* Main_iPad.storyboard in Resources */,
				09A21B2019021B330098CFE3 /* Main_iPhone.storyboard in Resources */,
				09A6EFED19030DE8008644DE /* Ice-icon.png in Resources */,
				09A21B1719021B330098CFE3 /* InfoPlist.strings in Resources */,
				0915466F1903976500B0095E /* honey.png in Resources */,
				0915466B1903936C00B0095E /* flower.png in Resources */,
				0915466D1903946A00B0095E /* honey2.png in Resources */,
				091546741903D0F500B0095E /* splashMain.png in Resources */,
			);
			runOnlyForDeploymentPostprocessing = 0;
		};
		09A21B3019021B330098CFE3 /* Resources */ = {
			isa = PBXResourcesBuildPhase;
			buildActionMask = 2147483647;
			files = (
				09A21B3E19021B330098CFE3 /* InfoPlist.strings in Resources */,
			);
			runOnlyForDeploymentPostprocessing = 0;
		};
/* End PBXResourcesBuildPhase section */

/* Begin PBXSourcesBuildPhase section */
		09A21B0319021B330098CFE3 /* Sources */ = {
			isa = PBXSourcesBuildPhase;
			buildActionMask = 2147483647;
			files = (
				048EB52219036FC200FFD1BE /* CustomAlertViewController.m in Sources */,
				09A21B531902374C0098CFE3 /* Borders.m in Sources */,
				091546721903C40D00B0095E /* StartScreenController.m in Sources */,
				09A21B2919021B330098CFE3 /* MyScene.m in Sources */,
				09A21B2619021B330098CFE3 /* ViewController.m in Sources */,
				09A21B1D19021B330098CFE3 /* AppDelegate.m in Sources */,
				09A21B1919021B330098CFE3 /* main.m in Sources */,
			);
			runOnlyForDeploymentPostprocessing = 0;
		};
		09A21B2E19021B330098CFE3 /* Sources */ = {
			isa = PBXSourcesBuildPhase;
			buildActionMask = 2147483647;
			files = (
				09A21B4019021B330098CFE3 /* SliderTests.m in Sources */,
			);
			runOnlyForDeploymentPostprocessing = 0;
		};
/* End PBXSourcesBuildPhase section */

/* Begin PBXTargetDependency section */
		09A21B3819021B330098CFE3 /* PBXTargetDependency */ = {
			isa = PBXTargetDependency;
			target = 09A21B0619021B330098CFE3 /* Slider */;
			targetProxy = 09A21B3719021B330098CFE3 /* PBXContainerItemProxy */;
		};
/* End PBXTargetDependency section */

/* Begin PBXVariantGroup section */
		09A21B1519021B330098CFE3 /* InfoPlist.strings */ = {
			isa = PBXVariantGroup;
			children = (
				09A21B1619021B330098CFE3 /* en */,
			);
			name = InfoPlist.strings;
			sourceTree = "<group>";
		};
		09A21B1E19021B330098CFE3 /* Main_iPhone.storyboard */ = {
			isa = PBXVariantGroup;
			children = (
				09A21B1F19021B330098CFE3 /* Base */,
			);
			name = Main_iPhone.storyboard;
			sourceTree = "<group>";
		};
		09A21B2119021B330098CFE3 /* Main_iPad.storyboard */ = {
			isa = PBXVariantGroup;
			children = (
				09A21B2219021B330098CFE3 /* Base */,
			);
			name = Main_iPad.storyboard;
			sourceTree = "<group>";
		};
		09A21B3C19021B330098CFE3 /* InfoPlist.strings */ = {
			isa = PBXVariantGroup;
			children = (
				09A21B3D19021B330098CFE3 /* en */,
			);
			name = InfoPlist.strings;
			sourceTree = "<group>";
		};
/* End PBXVariantGroup section */

/* Begin XCBuildConfiguration section */
		09A21B4119021B330098CFE3 /* Debug */ = {
			isa = XCBuildConfiguration;
			buildSettings = {
				ALWAYS_SEARCH_USER_PATHS = NO;
				CLANG_CXX_LANGUAGE_STANDARD = "gnu++0x";
				CLANG_CXX_LIBRARY = "libc++";
				CLANG_ENABLE_MODULES = YES;
				CLANG_ENABLE_OBJC_ARC = YES;
				CLANG_WARN_BOOL_CONVERSION = YES;
				CLANG_WARN_CONSTANT_CONVERSION = YES;
				CLANG_WARN_DIRECT_OBJC_ISA_USAGE = YES_ERROR;
				CLANG_WARN_EMPTY_BODY = YES;
				CLANG_WARN_ENUM_CONVERSION = YES;
				CLANG_WARN_INT_CONVERSION = YES;
				CLANG_WARN_OBJC_ROOT_CLASS = YES_ERROR;
				CLANG_WARN__DUPLICATE_METHOD_MATCH = YES;
				"CODE_SIGN_IDENTITY[sdk=iphoneos*]" = "iPhone Developer";
				COPY_PHASE_STRIP = NO;
				GCC_C_LANGUAGE_STANDARD = gnu99;
				GCC_DYNAMIC_NO_PIC = NO;
				GCC_OPTIMIZATION_LEVEL = 0;
				GCC_PREPROCESSOR_DEFINITIONS = (
					"DEBUG=1",
					"$(inherited)",
				);
				GCC_SYMBOLS_PRIVATE_EXTERN = NO;
				GCC_WARN_64_TO_32_BIT_CONVERSION = YES;
				GCC_WARN_ABOUT_RETURN_TYPE = YES_ERROR;
				GCC_WARN_UNDECLARED_SELECTOR = YES;
				GCC_WARN_UNINITIALIZED_AUTOS = YES_AGGRESSIVE;
				GCC_WARN_UNUSED_FUNCTION = YES;
				GCC_WARN_UNUSED_VARIABLE = YES;
				IPHONEOS_DEPLOYMENT_TARGET = 7.1;
				ONLY_ACTIVE_ARCH = YES;
				SDKROOT = iphoneos;
				TARGETED_DEVICE_FAMILY = "1,2";
			};
			name = Debug;
		};
		09A21B4219021B330098CFE3 /* Release */ = {
			isa = XCBuildConfiguration;
			buildSettings = {
				ALWAYS_SEARCH_USER_PATHS = NO;
				CLANG_CXX_LANGUAGE_STANDARD = "gnu++0x";
				CLANG_CXX_LIBRARY = "libc++";
				CLANG_ENABLE_MODULES = YES;
				CLANG_ENABLE_OBJC_ARC = YES;
				CLANG_WARN_BOOL_CONVERSION = YES;
				CLANG_WARN_CONSTANT_CONVERSION = YES;
				CLANG_WARN_DIRECT_OBJC_ISA_USAGE = YES_ERROR;
				CLANG_WARN_EMPTY_BODY = YES;
				CLANG_WARN_ENUM_CONVERSION = YES;
				CLANG_WARN_INT_CONVERSION = YES;
				CLANG_WARN_OBJC_ROOT_CLASS = YES_ERROR;
				CLANG_WARN__DUPLICATE_METHOD_MATCH = YES;
				"CODE_SIGN_IDENTITY[sdk=iphoneos*]" = "iPhone Developer";
				COPY_PHASE_STRIP = YES;
				ENABLE_NS_ASSERTIONS = NO;
				GCC_C_LANGUAGE_STANDARD = gnu99;
				GCC_WARN_64_TO_32_BIT_CONVERSION = YES;
				GCC_WARN_ABOUT_RETURN_TYPE = YES_ERROR;
				GCC_WARN_UNDECLARED_SELECTOR = YES;
				GCC_WARN_UNINITIALIZED_AUTOS = YES_AGGRESSIVE;
				GCC_WARN_UNUSED_FUNCTION = YES;
				GCC_WARN_UNUSED_VARIABLE = YES;
				IPHONEOS_DEPLOYMENT_TARGET = 7.1;
				SDKROOT = iphoneos;
				TARGETED_DEVICE_FAMILY = "1,2";
				VALIDATE_PRODUCT = YES;
			};
			name = Release;
		};
		09A21B4419021B330098CFE3 /* Debug */ = {
			isa = XCBuildConfiguration;
			buildSettings = {
				ASSETCATALOG_COMPILER_APPICON_NAME = AppIcon;
				ASSETCATALOG_COMPILER_LAUNCHIMAGE_NAME = LaunchImage;
				GCC_PRECOMPILE_PREFIX_HEADER = YES;
				GCC_PREFIX_HEADER = "Slider/Slider-Prefix.pch";
				INFOPLIST_FILE = "Slider/Slider-Info.plist";
				PRODUCT_NAME = Hapbee;
				SPRITEKIT_TEXTURE_ATLAS_OUTPUT = YES;
				WRAPPER_EXTENSION = app;
			};
			name = Debug;
		};
		09A21B4519021B330098CFE3 /* Release */ = {
			isa = XCBuildConfiguration;
			buildSettings = {
				ASSETCATALOG_COMPILER_APPICON_NAME = AppIcon;
				ASSETCATALOG_COMPILER_LAUNCHIMAGE_NAME = LaunchImage;
				GCC_PRECOMPILE_PREFIX_HEADER = YES;
				GCC_PREFIX_HEADER = "Slider/Slider-Prefix.pch";
				INFOPLIST_FILE = "Slider/Slider-Info.plist";
				PRODUCT_NAME = Hapbee;
				SPRITEKIT_TEXTURE_ATLAS_OUTPUT = YES;
				WRAPPER_EXTENSION = app;
			};
			name = Release;
		};
		09A21B4719021B330098CFE3 /* Debug */ = {
			isa = XCBuildConfiguration;
			buildSettings = {
				BUNDLE_LOADER = "$(BUILT_PRODUCTS_DIR)/Slider.app/Slider";
				FRAMEWORK_SEARCH_PATHS = (
					"$(SDKROOT)/Developer/Library/Frameworks",
					"$(inherited)",
					"$(DEVELOPER_FRAMEWORKS_DIR)",
				);
				GCC_PRECOMPILE_PREFIX_HEADER = YES;
				GCC_PREFIX_HEADER = "Slider/Slider-Prefix.pch";
				GCC_PREPROCESSOR_DEFINITIONS = (
					"DEBUG=1",
					"$(inherited)",
				);
				INFOPLIST_FILE = "SliderTests/SliderTests-Info.plist";
				PRODUCT_NAME = "$(TARGET_NAME)";
				TEST_HOST = "$(BUNDLE_LOADER)";
				WRAPPER_EXTENSION = xctest;
			};
			name = Debug;
		};
		09A21B4819021B330098CFE3 /* Release */ = {
			isa = XCBuildConfiguration;
			buildSettings = {
				BUNDLE_LOADER = "$(BUILT_PRODUCTS_DIR)/Slider.app/Slider";
				FRAMEWORK_SEARCH_PATHS = (
					"$(SDKROOT)/Developer/Library/Frameworks",
					"$(inherited)",
					"$(DEVELOPER_FRAMEWORKS_DIR)",
				);
				GCC_PRECOMPILE_PREFIX_HEADER = YES;
				GCC_PREFIX_HEADER = "Slider/Slider-Prefix.pch";
				INFOPLIST_FILE = "SliderTests/SliderTests-Info.plist";
				PRODUCT_NAME = "$(TARGET_NAME)";
				TEST_HOST = "$(BUNDLE_LOADER)";
				WRAPPER_EXTENSION = xctest;
			};
			name = Release;
		};
/* End XCBuildConfiguration section */

/* Begin XCConfigurationList section */
		09A21B0219021B330098CFE3 /* Build configuration list for PBXProject "Slider" */ = {
			isa = XCConfigurationList;
			buildConfigurations = (
				09A21B4119021B330098CFE3 /* Debug */,
				09A21B4219021B330098CFE3 /* Release */,
			);
			defaultConfigurationIsVisible = 0;
			defaultConfigurationName = Release;
		};
		09A21B4319021B330098CFE3 /* Build configuration list for PBXNativeTarget "Slider" */ = {
			isa = XCConfigurationList;
			buildConfigurations = (
				09A21B4419021B330098CFE3 /* Debug */,
				09A21B4519021B330098CFE3 /* Release */,
			);
			defaultConfigurationIsVisible = 0;
			defaultConfigurationName = Release;
		};
		09A21B4619021B330098CFE3 /* Build configuration list for PBXNativeTarget "SliderTests" */ = {
			isa = XCConfigurationList;
			buildConfigurations = (
				09A21B4719021B330098CFE3 /* Debug */,
				09A21B4819021B330098CFE3 /* Release */,
			);
			defaultConfigurationIsVisible = 0;
			defaultConfigurationName = Release;
		};
/* End XCConfigurationList section */
	};
	rootObject = 09A21AFF19021B330098CFE3 /* Project object */;
}
